
Microsoft Visual Studio Solution File, Format Version 12.00
# Visual Studio Version 17
VisualStudioVersion = 17.11.35303.130
MinimumVisualStudioVersion = 10.0.40219.1
Project("{FAE04EC0-301F-11D3-BF4B-00C04F79EFBC}") = "BÁN VÉ RẠP CHIẾU PHIM", "BÁN VÉ RẠP CHIẾU PHIM\BÁN VÉ RẠP CHIẾU PHIM.csproj", "{56D918B6-A5A5-44CD-8956-A211F8D97174}"
EndProject
Global
	GlobalSection(SolutionConfigurationPlatforms) = preSolution
		Debug|Any CPU = Debug|Any CPU
		Release|Any CPU = Release|Any CPU
	EndGlobalSection
	GlobalSection(ProjectConfigurationPlatforms) = postSolution
		{56D918B6-A5A5-44CD-8956-A211F8D97174}.Debug|Any CPU.ActiveCfg = Debug|Any CPU
		{56D918B6-A5A5-44CD-8956-A211F8D97174}.Debug|Any CPU.Build.0 = Debug|Any CPU
		{56D918B6-A5A5-44CD-8956-A211F8D97174}.Release|Any CPU.ActiveCfg = Release|Any CPU
		{56D918B6-A5A5-44CD-8956-A211F8D97174}.Release|Any CPU.Build.0 = Release|Any CPU
	EndGlobalSection
	GlobalSection(SolutionProperties) = preSolution
		HideSolutionNode = FALSE
	EndGlobalSection
	GlobalSection(ExtensibilityGlobals) = postSolution
		SolutionGuid = {9937EE81-9CF4-4FA3-B388-2969DE3E751A}
	EndGlobalSection
EndGlobal
